
Microsoft Visual Studio Solution File, Format Version 12.00
# Visual Studio Version 16
VisualStudioVersion = 16.0.32002.261
MinimumVisualStudioVersion = 10.0.40219.1
Project("{9A19103F-16F7-4668-BE54-9A1E7A4F7556}") = "Webservice", "Webservice\Webservice.csproj", "{7C97AFB0-05F3-4947-AC72-05C1F96D1294}"
EndProject
Project("{FAE04EC0-301F-11D3-BF4B-00C04F79EFBC}") = "Models", "Models\Models.csproj", "{1ACB959C-B1D4-42F5-9FB7-139179FE32DC}"
EndProject
Global
	GlobalSection(SolutionConfigurationPlatforms) = preSolution
		Debug|Any CPU = Debug|Any CPU
		Release|Any CPU = Release|Any CPU
	EndGlobalSection
	GlobalSection(ProjectConfigurationPlatforms) = postSolution
		{7C97AFB0-05F3-4947-AC72-05C1F96D1294}.Debug|Any CPU.ActiveCfg = Debug|Any CPU
		{7C97AFB0-05F3-4947-AC72-05C1F96D1294}.Debug|Any CPU.Build.0 = Debug|Any CPU
		{7C97AFB0-05F3-4947-AC72-05C1F96D1294}.Release|Any CPU.ActiveCfg = Release|Any CPU
		{7C97AFB0-05F3-4947-AC72-05C1F96D1294}.Release|Any CPU.Build.0 = Release|Any CPU
		{1ACB959C-B1D4-42F5-9FB7-139179FE32DC}.Debug|Any CPU.ActiveCfg = Debug|Any CPU
		{1ACB959C-B1D4-42F5-9FB7-139179FE32DC}.Debug|Any CPU.Build.0 = Debug|Any CPU
		{1ACB959C-B1D4-42F5-9FB7-139179FE32DC}.Release|Any CPU.ActiveCfg = Release|Any CPU
		{1ACB959C-B1D4-42F5-9FB7-139179FE32DC}.Release|Any CPU.Build.0 = Release|Any CPU
	EndGlobalSection
	GlobalSection(SolutionProperties) = preSolution
		HideSolutionNode = FALSE
	EndGlobalSection
	GlobalSection(ExtensibilityGlobals) = postSolution
		SolutionGuid = {FF3E6276-628C-49B3-9239-2F1B44207C70}
	EndGlobalSection
EndGlobal
